// !$*UTF8*$!
{
	archiveVersion = 1;
	classes = {
	};
	objectVersion = 50;
	objects = {

/* Begin PBXBuildFile section */
		490282692528DE6400BD3EB7 /* AppDelegate.swift in Sources */ = {isa = PBXBuildFile; fileRef = 490282682528DE6400BD3EB7 /* AppDelegate.swift */; };
		4902826B2528DE6400BD3EB7 /* SceneDelegate.swift in Sources */ = {isa = PBXBuildFile; fileRef = 4902826A2528DE6400BD3EB7 /* SceneDelegate.swift */; };
		4902826D2528DE6400BD3EB7 /* ViewController.swift in Sources */ = {isa = PBXBuildFile; fileRef = 4902826C2528DE6400BD3EB7 /* ViewController.swift */; };
		490282702528DE6400BD3EB7 /* Main.storyboard in Resources */ = {isa = PBXBuildFile; fileRef = 4902826E2528DE6400BD3EB7 /* Main.storyboard */; };
		490282722528DE6700BD3EB7 /* Assets.xcassets in Resources */ = {isa = PBXBuildFile; fileRef = 490282712528DE6700BD3EB7 /* Assets.xcassets */; };
		490282752528DE6700BD3EB7 /* LaunchScreen.storyboard in Resources */ = {isa = PBXBuildFile; fileRef = 490282732528DE6700BD3EB7 /* LaunchScreen.storyboard */; };
		490282802528DE6700BD3EB7 /* tipTests.swift in Sources */ = {isa = PBXBuildFile; fileRef = 4902827F2528DE6700BD3EB7 /* tipTests.swift */; };
		4902828B2528DE6700BD3EB7 /* tipUITests.swift in Sources */ = {isa = PBXBuildFile; fileRef = 4902828A2528DE6700BD3EB7 /* tipUITests.swift */; };
/* End PBXBuildFile section */

/* Begin PBXContainerItemProxy section */
		4902827C2528DE6700BD3EB7 /* PBXContainerItemProxy */ = {
			isa = PBXContainerItemProxy;
			containerPortal = 4902825D2528DE6400BD3EB7 /* Project object */;
			proxyType = 1;
			remoteGlobalIDString = 490282642528DE6400BD3EB7;
			remoteInfo = tip;
		};
		490282872528DE6700BD3EB7 /* PBXContainerItemProxy */ = {
			isa = PBXContainerItemProxy;
			containerPortal = 4902825D2528DE6400BD3EB7 /* Project object */;
			proxyType = 1;
			remoteGlobalIDString = 490282642528DE6400BD3EB7;
			remoteInfo = tip;
		};
/* End PBXContainerItemProxy section */

/* Begin PBXFileReference section */
		490282652528DE6400BD3EB7 /* tip.app */ = {isa = PBXFileReference; explicitFileType = wrapper.application; includeInIndex = 0; path = tip.app; sourceTree = BUILT_PRODUCTS_DIR; };
		490282682528DE6400BD3EB7 /* AppDelegate.swift */ = {isa = PBXFileReference; lastKnownFileType = sourcecode.swift; path = AppDelegate.swift; sourceTree = "<group>"; };
		4902826A2528DE6400BD3EB7 /* SceneDelegate.swift */ = {isa = PBXFileReference; lastKnownFileType = sourcecode.swift; path = SceneDelegate.swift; sourceTree = "<group>"; };
		4902826C2528DE6400BD3EB7 /* ViewController.swift */ = {isa = PBXFileReference; lastKnownFileType = sourcecode.swift; path = ViewController.swift; sourceTree = "<group>"; };
		4902826F2528DE6400BD3EB7 /* Base */ = {isa = PBXFileReference; lastKnownFileType = file.storyboard; name = Base; path = Base.lproj/Main.storyboard; sourceTree = "<group>"; };
		490282712528DE6700BD3EB7 /* Assets.xcassets */ = {isa = PBXFileReference; lastKnownFileType = folder.assetcatalog; path = Assets.xcassets; sourceTree = "<group>"; };
		490282742528DE6700BD3EB7 /* Base */ = {isa = PBXFileReference; lastKnownFileType = file.storyboard; name = Base; path = Base.lproj/LaunchScreen.storyboard; sourceTree = "<group>"; };
		490282762528DE6700BD3EB7 /* Info.plist */ = {isa = PBXFileReference; lastKnownFileType = text.plist.xml; path = Info.plist; sourceTree = "<group>"; };
		4902827B2528DE6700BD3EB7 /* tipTests.xctest */ = {isa = PBXFileReference; explicitFileType = wrapper.cfbundle; includeInIndex = 0; path = tipTests.xctest; sourceTree = BUILT_PRODUCTS_DIR; };
		4902827F2528DE6700BD3EB7 /* tipTests.swift */ = {isa = PBXFileReference; lastKnownFileType = sourcecode.swift; path = tipTests.swift; sourceTree = "<group>"; };
		490282812528DE6700BD3EB7 /* Info.plist */ = {isa = PBXFileReference; lastKnownFileType = text.plist.xml; path = Info.plist; sourceTree = "<group>"; };
		490282862528DE6700BD3EB7 /* tipUITests.xctest */ = {isa = PBXFileReference; explicitFileType = wrapper.cfbundle; includeInIndex = 0; path = tipUITests.xctest; sourceTree = BUILT_PRODUCTS_DIR; };
		4902828A2528DE6700BD3EB7 /* tipUITests.swift */ = {isa = PBXFileReference; lastKnownFileType = sourcecode.swift; path = tipUITests.swift; sourceTree = "<group>"; };
		4902828C2528DE6700BD3EB7 /* Info.plist */ = {isa = PBXFileReference; lastKnownFileType = text.plist.xml; path = Info.plist; sourceTree = "<group>"; };
/* End PBXFileReference section */

/* Begin PBXFrameworksBuildPhase section */
		490282622528DE6400BD3EB7 /* Frameworks */ = {
			isa = PBXFrameworksBuildPhase;
			buildActionMask = 2147483647;
			files = (
			);
			runOnlyForDeploymentPostprocessing = 0;
		};
		490282782528DE6700BD3EB7 /* Frameworks */ = {
			isa = PBXFrameworksBuildPhase;
			buildActionMask = 2147483647;
			files = (
			);
			runOnlyForDeploymentPostprocessing = 0;
		};
		490282832528DE6700BD3EB7 /* Frameworks */ = {
			isa = PBXFrameworksBuildPhase;
			buildActionMask = 2147483647;
			files = (
			);
			runOnlyForDeploymentPostprocessing = 0;
		};
/* End PBXFrameworksBuildPhase section */

/* Begin PBXGroup section */
		4902825C2528DE6400BD3EB7 = {
			isa = PBXGroup;
			children = (
				490282672528DE6400BD3EB7 /* tip */,
				4902827E2528DE6700BD3EB7 /* tipTests */,
				490282892528DE6700BD3EB7 /* tipUITests */,
				490282662528DE6400BD3EB7 /* Products */,
			);
			sourceTree = "<group>";
		};
		490282662528DE6400BD3EB7 /* Products */ = {
			isa = PBXGroup;
			children = (
				490282652528DE6400BD3EB7 /* tip.app */,
				4902827B2528DE6700BD3EB7 /* tipTests.xctest */,
				490282862528DE6700BD3EB7 /* tipUITests.xctest */,
			);
			name = Products;
			sourceTree = "<group>";
		};
		490282672528DE6400BD3EB7 /* tip */ = {
			isa = PBXGroup;
			children = (
				490282682528DE6400BD3EB7 /* AppDelegate.swift */,
				4902826A2528DE6400BD3EB7 /* SceneDelegate.swift */,
				4902826C2528DE6400BD3EB7 /* ViewController.swift */,
				4902826E2528DE6400BD3EB7 /* Main.storyboard */,
				490282712528DE6700BD3EB7 /* Assets.xcassets */,
				490282732528DE6700BD3EB7 /* LaunchScreen.storyboard */,
				490282762528DE6700BD3EB7 /* Info.plist */,
			);
			path = tip;
			sourceTree = "<group>";
		};
		4902827E2528DE6700BD3EB7 /* tipTests */ = {
			isa = PBXGroup;
			children = (
				4902827F2528DE6700BD3EB7 /* tipTests.swift */,
				490282812528DE6700BD3EB7 /* Info.plist */,
			);
			path = tipTests;
			sourceTree = "<group>";
		};
		490282892528DE6700BD3EB7 /* tipUITests */ = {
			isa = PBXGroup;
			children = (
				4902828A2528DE6700BD3EB7 /* tipUITests.swift */,
				4902828C2528DE6700BD3EB7 /* Info.plist */,
			);
			path = tipUITests;
			sourceTree = "<group>";
		};
/* End PBXGroup section */

/* Begin PBXNativeTarget section */
		490282642528DE6400BD3EB7 /* tip */ = {
			isa = PBXNativeTarget;
			buildConfigurationList = 4902828F2528DE6700BD3EB7 /* Build configuration list for PBXNativeTarget "tip" */;
			buildPhases = (
				490282612528DE6400BD3EB7 /* Sources */,
				490282622528DE6400BD3EB7 /* Frameworks */,
				490282632528DE6400BD3EB7 /* Resources */,
			);
			buildRules = (
			);
			dependencies = (
			);
			name = tip;
			productName = tip;
			productReference = 490282652528DE6400BD3EB7 /* tip.app */;
			productType = "com.apple.product-type.application";
		};
		4902827A2528DE6700BD3EB7 /* tipTests */ = {
			isa = PBXNativeTarget;
			buildConfigurationList = 490282922528DE6700BD3EB7 /* Build configuration list for PBXNativeTarget "tipTests" */;
			buildPhases = (
				490282772528DE6700BD3EB7 /* Sources */,
				490282782528DE6700BD3EB7 /* Frameworks */,
				490282792528DE6700BD3EB7 /* Resources */,
			);
			buildRules = (
			);
			dependencies = (
				4902827D2528DE6700BD3EB7 /* PBXTargetDependency */,
			);
			name = tipTests;
			productName = tipTests;
			productReference = 4902827B2528DE6700BD3EB7 /* tipTests.xctest */;
			productType = "com.apple.product-type.bundle.unit-test";
		};
		490282852528DE6700BD3EB7 /* tipUITests */ = {
			isa = PBXNativeTarget;
			buildConfigurationList = 490282952528DE6700BD3EB7 /* Build configuration list for PBXNativeTarget "tipUITests" */;
			buildPhases = (
				490282822528DE6700BD3EB7 /* Sources */,
				490282832528DE6700BD3EB7 /* Frameworks */,
				490282842528DE6700BD3EB7 /* Resources */,
			);
			buildRules = (
			);
			dependencies = (
				490282882528DE6700BD3EB7 /* PBXTargetDependency */,
			);
			name = tipUITests;
			productName = tipUITests;
			productReference = 490282862528DE6700BD3EB7 /* tipUITests.xctest */;
			productType = "com.apple.product-type.bundle.ui-testing";
		};
/* End PBXNativeTarget section */

/* Begin PBXProject section */
		4902825D2528DE6400BD3EB7 /* Project object */ = {
			isa = PBXProject;
			attributes = {
				LastSwiftUpdateCheck = 1200;
				LastUpgradeCheck = 1200;
				TargetAttributes = {
					490282642528DE6400BD3EB7 = {
						CreatedOnToolsVersion = 12.0.1;
					};
					4902827A2528DE6700BD3EB7 = {
						CreatedOnToolsVersion = 12.0.1;
						TestTargetID = 490282642528DE6400BD3EB7;
					};
					490282852528DE6700BD3EB7 = {
						CreatedOnToolsVersion = 12.0.1;
						TestTargetID = 490282642528DE6400BD3EB7;
					};
				};
			};
			buildConfigurationList = 490282602528DE6400BD3EB7 /* Build configuration list for PBXProject "tip" */;
			compatibilityVersion = "Xcode 9.3";
			developmentRegion = en;
			hasScannedForEncodings = 0;
			knownRegions = (
				en,
				Base,
			);
			mainGroup = 4902825C2528DE6400BD3EB7;
			productRefGroup = 490282662528DE6400BD3EB7 /* Products */;
			projectDirPath = "";
			projectRoot = "";
			targets = (
				490282642528DE6400BD3EB7 /* tip */,
				4902827A2528DE6700BD3EB7 /* tipTests */,
				490282852528DE6700BD3EB7 /* tipUITests */,
			);
		};
/* End PBXProject section */

/* Begin PBXResourcesBuildPhase section */
		490282632528DE6400BD3EB7 /* Resources */ = {
			isa = PBXResourcesBuildPhase;
			buildActionMask = 2147483647;
			files = (
				490282752528DE6700BD3EB7 /* LaunchScreen.storyboard in Resources */,
				490282722528DE6700BD3EB7 /* Assets.xcassets in Resources */,
				490282702528DE6400BD3EB7 /* Main.storyboard in Resources */,
			);
			runOnlyForDeploymentPostprocessing = 0;
		};
		490282792528DE6700BD3EB7 /* Resources */ = {
			isa = PBXResourcesBuildPhase;
			buildActionMask = 2147483647;
			files = (
			);
			runOnlyForDeploymentPostprocessing = 0;
		};
		490282842528DE6700BD3EB7 /* Resources */ = {
			isa = PBXResourcesBuildPhase;
			buildActionMask = 2147483647;
			files = (
			);
			runOnlyForDeploymentPostprocessing = 0;
		};
/* End PBXResourcesBuildPhase section */

/* Begin PBXSourcesBuildPhase section */
		490282612528DE6400BD3EB7 /* Sources */ = {
			isa = PBXSourcesBuildPhase;
			buildActionMask = 2147483647;
			files = (
				4902826D2528DE6400BD3EB7 /* ViewController.swift in Sources */,
				490282692528DE6400BD3EB7 /* AppDelegate.swift in Sources */,
				4902826B2528DE6400BD3EB7 /* SceneDelegate.swift in Sources */,
			);
			runOnlyForDeploymentPostprocessing = 0;
		};
		490282772528DE6700BD3EB7 /* Sources */ = {
			isa = PBXSourcesBuildPhase;
			buildActionMask = 2147483647;
			files = (
				490282802528DE6700BD3EB7 /* tipTests.swift in Sources */,
			);
			runOnlyForDeploymentPostprocessing = 0;
		};
		490282822528DE6700BD3EB7 /* Sources */ = {
			isa = PBXSourcesBuildPhase;
			buildActionMask = 2147483647;
			files = (
				4902828B2528DE6700BD3EB7 /* tipUITests.swift in Sources */,
			);
			runOnlyForDeploymentPostprocessing = 0;
		};
/* End PBXSourcesBuildPhase section */

/* Begin PBXTargetDependency section */
		4902827D2528DE6700BD3EB7 /* PBXTargetDependency */ = {
			isa = PBXTargetDependency;
			target = 490282642528DE6400BD3EB7 /* tip */;
			targetProxy = 4902827C2528DE6700BD3EB7 /* PBXContainerItemProxy */;
		};
		490282882528DE6700BD3EB7 /* PBXTargetDependency */ = {
			isa = PBXTargetDependency;
			target = 490282642528DE6400BD3EB7 /* tip */;
			targetProxy = 490282872528DE6700BD3EB7 /* PBXContainerItemProxy */;
		};
/* End PBXTargetDependency section */

/* Begin PBXVariantGroup section */
		4902826E2528DE6400BD3EB7 /* Main.storyboard */ = {
			isa = PBXVariantGroup;
			children = (
				4902826F2528DE6400BD3EB7 /* Base */,
			);
			name = Main.storyboard;
			sourceTree = "<group>";
		};
		490282732528DE6700BD3EB7 /* LaunchScreen.storyboard */ = {
			isa = PBXVariantGroup;
			children = (
				490282742528DE6700BD3EB7 /* Base */,
			);
			name = LaunchScreen.storyboard;
			sourceTree = "<group>";
		};
/* End PBXVariantGroup section */

/* Begin XCBuildConfiguration section */
		4902828D2528DE6700BD3EB7 /* Debug */ = {
			isa = XCBuildConfiguration;
			buildSettings = {
				ALWAYS_SEARCH_USER_PATHS = NO;
				CLANG_ANALYZER_NONNULL = YES;
				CLANG_ANALYZER_NUMBER_OBJECT_CONVERSION = YES_AGGRESSIVE;
				CLANG_CXX_LANGUAGE_STANDARD = "gnu++14";
				CLANG_CXX_LIBRARY = "libc++";
				CLANG_ENABLE_MODULES = YES;
				CLANG_ENABLE_OBJC_ARC = YES;
				CLANG_ENABLE_OBJC_WEAK = YES;
				CLANG_WARN_BLOCK_CAPTURE_AUTORELEASING = YES;
				CLANG_WARN_BOOL_CONVERSION = YES;
				CLANG_WARN_COMMA = YES;
				CLANG_WARN_CONSTANT_CONVERSION = YES;
				CLANG_WARN_DEPRECATED_OBJC_IMPLEMENTATIONS = YES;
				CLANG_WARN_DIRECT_OBJC_ISA_USAGE = YES_ERROR;
				CLANG_WARN_DOCUMENTATION_COMMENTS = YES;
				CLANG_WARN_EMPTY_BODY = YES;
				CLANG_WARN_ENUM_CONVERSION = YES;
				CLANG_WARN_INFINITE_RECURSION = YES;
				CLANG_WARN_INT_CONVERSION = YES;
				CLANG_WARN_NON_LITERAL_NULL_CONVERSION = YES;
				CLANG_WARN_OBJC_IMPLICIT_RETAIN_SELF = YES;
				CLANG_WARN_OBJC_LITERAL_CONVERSION = YES;
				CLANG_WARN_OBJC_ROOT_CLASS = YES_ERROR;
				CLANG_WARN_QUOTED_INCLUDE_IN_FRAMEWORK_HEADER = YES;
				CLANG_WARN_RANGE_LOOP_ANALYSIS = YES;
				CLANG_WARN_STRICT_PROTOTYPES = YES;
				CLANG_WARN_SUSPICIOUS_MOVE = YES;
				CLANG_WARN_UNGUARDED_AVAILABILITY = YES_AGGRESSIVE;
				CLANG_WARN_UNREACHABLE_CODE = YES;
				CLANG_WARN__DUPLICATE_METHOD_MATCH = YES;
				COPY_PHASE_STRIP = NO;
				DEBUG_INFORMATION_FORMAT = dwarf;
				ENABLE_STRICT_OBJC_MSGSEND = YES;
				ENABLE_TESTABILITY = YES;
				GCC_C_LANGUAGE_STANDARD = gnu11;
				GCC_DYNAMIC_NO_PIC = NO;
				GCC_NO_COMMON_BLOCKS = YES;
				GCC_OPTIMIZATION_LEVEL = 0;
				GCC_PREPROCESSOR_DEFINITIONS = (
					"DEBUG=1",
					"$(inherited)",
				);
				GCC_WARN_64_TO_32_BIT_CONVERSION = YES;
				GCC_WARN_ABOUT_RETURN_TYPE = YES_ERROR;
				GCC_WARN_UNDECLARED_SELECTOR = YES;
				GCC_WARN_UNINITIALIZED_AUTOS = YES_AGGRESSIVE;
				GCC_WARN_UNUSED_FUNCTION = YES;
				GCC_WARN_UNUSED_VARIABLE = YES;
				IPHONEOS_DEPLOYMENT_TARGET = 14.0;
				MTL_ENABLE_DEBUG_INFO = INCLUDE_SOURCE;
				MTL_FAST_MATH = YES;
				ONLY_ACTIVE_ARCH = YES;
				SDKROOT = iphoneos;
				SWIFT_ACTIVE_COMPILATION_CONDITIONS = DEBUG;
				SWIFT_OPTIMIZATION_LEVEL = "-Onone";
			};
			name = Debug;
		};
		4902828E2528DE6700BD3EB7 /* Release */ = {
			isa = XCBuildConfiguration;
			buildSettings = {
				ALWAYS_SEARCH_USER_PATHS = NO;
				CLANG_ANALYZER_NONNULL = YES;
				CLANG_ANALYZER_NUMBER_OBJECT_CONVERSION = YES_AGGRESSIVE;
				CLANG_CXX_LANGUAGE_STANDARD = "gnu++14";
				CLANG_CXX_LIBRARY = "libc++";
				CLANG_ENABLE_MODULES = YES;
				CLANG_ENABLE_OBJC_ARC = YES;
				CLANG_ENABLE_OBJC_WEAK = YES;
				CLANG_WARN_BLOCK_CAPTURE_AUTORELEASING = YES;
				CLANG_WARN_BOOL_CONVERSION = YES;
				CLANG_WARN_COMMA = YES;
				CLANG_WARN_CONSTANT_CONVERSION = YES;
				CLANG_WARN_DEPRECATED_OBJC_IMPLEMENTATIONS = YES;
				CLANG_WARN_DIRECT_OBJC_ISA_USAGE = YES_ERROR;
				CLANG_WARN_DOCUMENTATION_COMMENTS = YES;
				CLANG_WARN_EMPTY_BODY = YES;
				CLANG_WARN_ENUM_CONVERSION = YES;
				CLANG_WARN_INFINITE_RECURSION = YES;
				CLANG_WARN_INT_CONVERSION = YES;
				CLANG_WARN_NON_LITERAL_NULL_CONVERSION = YES;
				CLANG_WARN_OBJC_IMPLICIT_RETAIN_SELF = YES;
				CLANG_WARN_OBJC_LITERAL_CONVERSION = YES;
				CLANG_WARN_OBJC_ROOT_CLASS = YES_ERROR;
				CLANG_WARN_QUOTED_INCLUDE_IN_FRAMEWORK_HEADER = YES;
				CLANG_WARN_RANGE_LOOP_ANALYSIS = YES;
				CLANG_WARN_STRICT_PROTOTYPES = YES;
				CLANG_WARN_SUSPICIOUS_MOVE = YES;
				CLANG_WARN_UNGUARDED_AVAILABILITY = YES_AGGRESSIVE;
				CLANG_WARN_UNREACHABLE_CODE = YES;
				CLANG_WARN__DUPLICATE_METHOD_MATCH = YES;
				COPY_PHASE_STRIP = NO;
				DEBUG_INFORMATION_FORMAT = "dwarf-with-dsym";
				ENABLE_NS_ASSERTIONS = NO;
				ENABLE_STRICT_OBJC_MSGSEND = YES;
				GCC_C_LANGUAGE_STANDARD = gnu11;
				GCC_NO_COMMON_BLOCKS = YES;
				GCC_WARN_64_TO_32_BIT_CONVERSION = YES;
				GCC_WARN_ABOUT_RETURN_TYPE = YES_ERROR;
				GCC_WARN_UNDECLARED_SELECTOR = YES;
				GCC_WARN_UNINITIALIZED_AUTOS = YES_AGGRESSIVE;
				GCC_WARN_UNUSED_FUNCTION = YES;
				GCC_WARN_UNUSED_VARIABLE = YES;
				IPHONEOS_DEPLOYMENT_TARGET = 14.0;
				MTL_ENABLE_DEBUG_INFO = NO;
				MTL_FAST_MATH = YES;
				SDKROOT = iphoneos;
				SWIFT_COMPILATION_MODE = wholemodule;
				SWIFT_OPTIMIZATION_LEVEL = "-O";
				VALIDATE_PRODUCT = YES;
			};
			name = Release;
		};
		490282902528DE6700BD3EB7 /* Debug */ = {
			isa = XCBuildConfiguration;
			buildSettings = {
				ASSETCATALOG_COMPILER_APPICON_NAME = AppIcon;
				ASSETCATALOG_COMPILER_GLOBAL_ACCENT_COLOR_NAME = AccentColor;
				CODE_SIGN_STYLE = Automatic;
				INFOPLIST_FILE = tip/Info.plist;
				LD_RUNPATH_SEARCH_PATHS = (
					"$(inherited)",
					"@executable_path/Frameworks",
				);
				PRODUCT_BUNDLE_IDENTIFIER = Codepath.tip;
				PRODUCT_NAME = "$(TARGET_NAME)";
				SWIFT_VERSION = 5.0;
				TARGETED_DEVICE_FAMILY = "1,2";
			};
			name = Debug;
		};
		490282912528DE6700BD3EB7 /* Release */ = {
			isa = XCBuildConfiguration;
			buildSettings = {
				ASSETCATALOG_COMPILER_APPICON_NAME = AppIcon;
				ASSETCATALOG_COMPILER_GLOBAL_ACCENT_COLOR_NAME = AccentColor;
				CODE_SIGN_STYLE = Automatic;
				INFOPLIST_FILE = tip/Info.plist;
				LD_RUNPATH_SEARCH_PATHS = (
					"$(inherited)",
					"@executable_path/Frameworks",
				);
				PRODUCT_BUNDLE_IDENTIFIER = Codepath.tip;
				PRODUCT_NAME = "$(TARGET_NAME)";
				SWIFT_VERSION = 5.0;
				TARGETED_DEVICE_FAMILY = "1,2";
			};
			name = Release;
		};
		490282932528DE6700BD3EB7 /* Debug */ = {
			isa = XCBuildConfiguration;
			buildSettings = {
				ALWAYS_EMBED_SWIFT_STANDARD_LIBRARIES = YES;
				BUNDLE_LOADER = "$(TEST_HOST)";
				CODE_SIGN_STYLE = Automatic;
				INFOPLIST_FILE = tipTests/Info.plist;
				IPHONEOS_DEPLOYMENT_TARGET = 14.0;
				LD_RUNPATH_SEARCH_PATHS = (
					"$(inherited)",
					"@executable_path/Frameworks",
					"@loader_path/Frameworks",
				);
				PRODUCT_BUNDLE_IDENTIFIER = Codepath.tipTests;
				PRODUCT_NAME = "$(TARGET_NAME)";
				SWIFT_VERSION = 5.0;
				TARGETED_DEVICE_FAMILY = "1,2";
				TEST_HOST = "$(BUILT_PRODUCTS_DIR)/tip.app/tip";
			};
			name = Debug;
		};
		490282942528DE6700BD3EB7 /* Release */ = {
			isa = XCBuildConfiguration;
			buildSettings = {
				ALWAYS_EMBED_SWIFT_STANDARD_LIBRARIES = YES;
				BUNDLE_LOADER = "$(TEST_HOST)";
				CODE_SIGN_STYLE = Automatic;
				INFOPLIST_FILE = tipTests/Info.plist;
				IPHONEOS_DEPLOYMENT_TARGET = 14.0;
				LD_RUNPATH_SEARCH_PATHS = (
					"$(inherited)",
					"@executable_path/Frameworks",
					"@loader_path/Frameworks",
				);
				PRODUCT_BUNDLE_IDENTIFIER = Codepath.tipTests;
				PRODUCT_NAME = "$(TARGET_NAME)";
				SWIFT_VERSION = 5.0;
				TARGETED_DEVICE_FAMILY = "1,2";
				TEST_HOST = "$(BUILT_PRODUCTS_DIR)/tip.app/tip";
			};
			name = Release;
		};
		490282962528DE6700BD3EB7 /* Debug */ = {
			isa = XCBuildConfiguration;
			buildSettings = {
				ALWAYS_EMBED_SWIFT_STANDARD_LIBRARIES = YES;
				CODE_SIGN_STYLE = Automatic;
				INFOPLIST_FILE = tipUITests/Info.plist;
				LD_RUNPATH_SEARCH_PATHS = (
					"$(inherited)",
					"@executable_path/Frameworks",
					"@loader_path/Frameworks",
				);
				PRODUCT_BUNDLE_IDENTIFIER = Codepath.tipUITests;
				PRODUCT_NAME = "$(TARGET_NAME)";
				SWIFT_VERSION = 5.0;
				TARGETED_DEVICE_FAMILY = "1,2";
				TEST_TARGET_NAME = tip;
			};
			name = Debug;
		};
		490282972528DE6700BD3EB7 /* Release */ = {
			isa = XCBuildConfiguration;
			buildSettings = {
				ALWAYS_EMBED_SWIFT_STANDARD_LIBRARIES = YES;
				CODE_SIGN_STYLE = Automatic;
				INFOPLIST_FILE = tipUITests/Info.plist;
				LD_RUNPATH_SEARCH_PATHS = (
					"$(inherited)",
					"@executable_path/Frameworks",
					"@loader_path/Frameworks",
				);
				PRODUCT_BUNDLE_IDENTIFIER = Codepath.tipUITests;
				PRODUCT_NAME = "$(TARGET_NAME)";
				SWIFT_VERSION = 5.0;
				TARGETED_DEVICE_FAMILY = "1,2";
				TEST_TARGET_NAME = tip;
			};
			name = Release;
		};
/* End XCBuildConfiguration section */

/* Begin XCConfigurationList section */
		490282602528DE6400BD3EB7 /* Build configuration list for PBXProject "tip" */ = {
			isa = XCConfigurationList;
			buildConfigurations = (
				4902828D2528DE6700BD3EB7 /* Debug */,
				4902828E2528DE6700BD3EB7 /* Release */,
			);
			defaultConfigurationIsVisible = 0;
			defaultConfigurationName = Release;
		};
		4902828F2528DE6700BD3EB7 /* Build configuration list for PBXNativeTarget "tip" */ = {
			isa = XCConfigurationList;
			buildConfigurations = (
				490282902528DE6700BD3EB7 /* Debug */,
				490282912528DE6700BD3EB7 /* Release */,
			);
			defaultConfigurationIsVisible = 0;
			defaultConfigurationName = Release;
		};
		490282922528DE6700BD3EB7 /* Build configuration list for PBXNativeTarget "tipTests" */ = {
			isa = XCConfigurationList;
			buildConfigurations = (
				490282932528DE6700BD3EB7 /* Debug */,
				490282942528DE6700BD3EB7 /* Release */,
			);
			defaultConfigurationIsVisible = 0;
			defaultConfigurationName = Release;
		};
		490282952528DE6700BD3EB7 /* Build configuration list for PBXNativeTarget "tipUITests" */ = {
			isa = XCConfigurationList;
			buildConfigurations = (
				490282962528DE6700BD3EB7 /* Debug */,
				490282972528DE6700BD3EB7 /* Release */,
			);
			defaultConfigurationIsVisible = 0;
			defaultConfigurationName = Release;
		};
/* End XCConfigurationList section */
	};
	rootObject = 4902825D2528DE6400BD3EB7 /* Project object */;
}
